
Microsoft Visual Studio Solution File, Format Version 12.00
# Visual Studio Version 16
VisualStudioVersion = 16.0.31321.278
MinimumVisualStudioVersion = 10.0.40219.1
Project("{FAE04EC0-301F-11D3-BF4B-00C04F79EFBC}") = "GCD0904.BasicSyntax", "1618Programming.BasicSyntax\GCD0904.BasicSyntax.csproj", "{01443515-134D-4C1A-AB99-AAD7E958A047}"
EndProject
Project("{FAE04EC0-301F-11D3-BF4B-00C04F79EFBC}") = "GCD0904.DataTypesAndVariables", "GCD0904.DataTypesAndVariables\GCD0904.DataTypesAndVariables.csproj", "{5A02D12F-A227-48B4-8D2E-36D300FAF3F2}"
EndProject
Project("{FAE04EC0-301F-11D3-BF4B-00C04F79EFBC}") = "GCD0904Array", "GCD0904ArrayAndList\GCD0904Array.csproj", "{1A377789-1040-4844-A428-358EF3195941}"
EndProject
Project("{FAE04EC0-301F-11D3-BF4B-00C04F79EFBC}") = "GCD0904List", "GCD0904List\GCD0904List.csproj", "{E9715DDA-DF30-45A3-9CC7-BCAA237DDAA1}"
EndProject
Project("{FAE04EC0-301F-11D3-BF4B-00C04F79EFBC}") = "GCD0904Function", "GCD0904Function\GCD0904Function.csproj", "{6822D003-CFD7-42EA-BF6E-3BC36916A363}"
EndProject
Project("{FAE04EC0-301F-11D3-BF4B-00C04F79EFBC}") = "GCD0904FunctionExercises", "GCD0904FunctionExercises\GCD0904FunctionExercises.csproj", "{BBC8B38F-1848-49F1-A28B-71D3B8FFE95F}"
EndProject
Project("{FAE04EC0-301F-11D3-BF4B-00C04F79EFBC}") = "GCD0904ClassesAndObjects", "GCD0904ClassesAndObjects\GCD0904ClassesAndObjects.csproj", "{1BFC7983-63A4-4B32-B460-2D4C6EB9E87C}"
EndProject
Project("{FAE04EC0-301F-11D3-BF4B-00C04F79EFBC}") = "GCD0904ClassesAndObjectsExercises", "GCD0904ClassesAndObjectsExercises\GCD0904ClassesAndObjectsExercises.csproj", "{3CDAE80A-7ADE-4F4C-BE45-A0DD0D517902}"
EndProject
Project("{FAE04EC0-301F-11D3-BF4B-00C04F79EFBC}") = "GCD0904InheritanceAndEncapsulation", "GCD0904InheritanceAndEncapsulation\GCD0904InheritanceAndEncapsulation.csproj", "{16DECB3D-1DF9-45E6-AA31-B93DDB39C1B7}"
EndProject
Global
	GlobalSection(SolutionConfigurationPlatforms) = preSolution
		Debug|Any CPU = Debug|Any CPU
		Release|Any CPU = Release|Any CPU
	EndGlobalSection
	GlobalSection(ProjectConfigurationPlatforms) = postSolution
		{01443515-134D-4C1A-AB99-AAD7E958A047}.Debug|Any CPU.ActiveCfg = Debug|Any CPU
		{01443515-134D-4C1A-AB99-AAD7E958A047}.Debug|Any CPU.Build.0 = Debug|Any CPU
		{01443515-134D-4C1A-AB99-AAD7E958A047}.Release|Any CPU.ActiveCfg = Release|Any CPU
		{01443515-134D-4C1A-AB99-AAD7E958A047}.Release|Any CPU.Build.0 = Release|Any CPU
		{5A02D12F-A227-48B4-8D2E-36D300FAF3F2}.Debug|Any CPU.ActiveCfg = Debug|Any CPU
		{5A02D12F-A227-48B4-8D2E-36D300FAF3F2}.Debug|Any CPU.Build.0 = Debug|Any CPU
		{5A02D12F-A227-48B4-8D2E-36D300FAF3F2}.Release|Any CPU.ActiveCfg = Release|Any CPU
		{5A02D12F-A227-48B4-8D2E-36D300FAF3F2}.Release|Any CPU.Build.0 = Release|Any CPU
		{1A377789-1040-4844-A428-358EF3195941}.Debug|Any CPU.ActiveCfg = Debug|Any CPU
		{1A377789-1040-4844-A428-358EF3195941}.Debug|Any CPU.Build.0 = Debug|Any CPU
		{1A377789-1040-4844-A428-358EF3195941}.Release|Any CPU.ActiveCfg = Release|Any CPU
		{1A377789-1040-4844-A428-358EF3195941}.Release|Any CPU.Build.0 = Release|Any CPU
		{E9715DDA-DF30-45A3-9CC7-BCAA237DDAA1}.Debug|Any CPU.ActiveCfg = Debug|Any CPU
		{E9715DDA-DF30-45A3-9CC7-BCAA237DDAA1}.Debug|Any CPU.Build.0 = Debug|Any CPU
		{E9715DDA-DF30-45A3-9CC7-BCAA237DDAA1}.Release|Any CPU.ActiveCfg = Release|Any CPU
		{E9715DDA-DF30-45A3-9CC7-BCAA237DDAA1}.Release|Any CPU.Build.0 = Release|Any CPU
		{6822D003-CFD7-42EA-BF6E-3BC36916A363}.Debug|Any CPU.ActiveCfg = Debug|Any CPU
		{6822D003-CFD7-42EA-BF6E-3BC36916A363}.Debug|Any CPU.Build.0 = Debug|Any CPU
		{6822D003-CFD7-42EA-BF6E-3BC36916A363}.Release|Any CPU.ActiveCfg = Release|Any CPU
		{6822D003-CFD7-42EA-BF6E-3BC36916A363}.Release|Any CPU.Build.0 = Release|Any CPU
		{BBC8B38F-1848-49F1-A28B-71D3B8FFE95F}.Debug|Any CPU.ActiveCfg = Debug|Any CPU
		{BBC8B38F-1848-49F1-A28B-71D3B8FFE95F}.Debug|Any CPU.Build.0 = Debug|Any CPU
		{BBC8B38F-1848-49F1-A28B-71D3B8FFE95F}.Release|Any CPU.ActiveCfg = Release|Any CPU
		{BBC8B38F-1848-49F1-A28B-71D3B8FFE95F}.Release|Any CPU.Build.0 = Release|Any CPU
		{1BFC7983-63A4-4B32-B460-2D4C6EB9E87C}.Debug|Any CPU.ActiveCfg = Debug|Any CPU
		{1BFC7983-63A4-4B32-B460-2D4C6EB9E87C}.Debug|Any CPU.Build.0 = Debug|Any CPU
		{1BFC7983-63A4-4B32-B460-2D4C6EB9E87C}.Release|Any CPU.ActiveCfg = Release|Any CPU
		{1BFC7983-63A4-4B32-B460-2D4C6EB9E87C}.Release|Any CPU.Build.0 = Release|Any CPU
		{3CDAE80A-7ADE-4F4C-BE45-A0DD0D517902}.Debug|Any CPU.ActiveCfg = Debug|Any CPU
		{3CDAE80A-7ADE-4F4C-BE45-A0DD0D517902}.Debug|Any CPU.Build.0 = Debug|Any CPU
		{3CDAE80A-7ADE-4F4C-BE45-A0DD0D517902}.Release|Any CPU.ActiveCfg = Release|Any CPU
		{3CDAE80A-7ADE-4F4C-BE45-A0DD0D517902}.Release|Any CPU.Build.0 = Release|Any CPU
		{16DECB3D-1DF9-45E6-AA31-B93DDB39C1B7}.Debug|Any CPU.ActiveCfg = Debug|Any CPU
		{16DECB3D-1DF9-45E6-AA31-B93DDB39C1B7}.Debug|Any CPU.Build.0 = Debug|Any CPU
		{16DECB3D-1DF9-45E6-AA31-B93DDB39C1B7}.Release|Any CPU.ActiveCfg = Release|Any CPU
		{16DECB3D-1DF9-45E6-AA31-B93DDB39C1B7}.Release|Any CPU.Build.0 = Release|Any CPU
	EndGlobalSection
	GlobalSection(SolutionProperties) = preSolution
		HideSolutionNode = FALSE
	EndGlobalSection
	GlobalSection(ExtensibilityGlobals) = postSolution
		SolutionGuid = {1DCCF01E-AF62-4866-A76F-E917F4C5C806}
	EndGlobalSection
EndGlobal
