
Microsoft Visual Studio Solution File, Format Version 12.00
# Visual Studio Version 16
VisualStudioVersion = 16.0.31321.278
MinimumVisualStudioVersion = 10.0.40219.1
Project("{FAE04EC0-301F-11D3-BF4B-00C04F79EFBC}") = "GCD0904.BasicSyntax", "1618Programming.BasicSyntax\GCD0904.BasicSyntax.csproj", "{01443515-134D-4C1A-AB99-AAD7E958A047}"
EndProject
Project("{FAE04EC0-301F-11D3-BF4B-00C04F79EFBC}") = "GCD0904.DataTypesAndVariables", "GCD0904.DataTypesAndVariables\GCD0904.DataTypesAndVariables.csproj", "{5A02D12F-A227-48B4-8D2E-36D300FAF3F2}"
EndProject
Global
	GlobalSection(SolutionConfigurationPlatforms) = preSolution
		Debug|Any CPU = Debug|Any CPU
		Release|Any CPU = Release|Any CPU
	EndGlobalSection
	GlobalSection(ProjectConfigurationPlatforms) = postSolution
		{01443515-134D-4C1A-AB99-AAD7E958A047}.Debug|Any CPU.ActiveCfg = Debug|Any CPU
		{01443515-134D-4C1A-AB99-AAD7E958A047}.Debug|Any CPU.Build.0 = Debug|Any CPU
		{01443515-134D-4C1A-AB99-AAD7E958A047}.Release|Any CPU.ActiveCfg = Release|Any CPU
		{01443515-134D-4C1A-AB99-AAD7E958A047}.Release|Any CPU.Build.0 = Release|Any CPU
		{5A02D12F-A227-48B4-8D2E-36D300FAF3F2}.Debug|Any CPU.ActiveCfg = Debug|Any CPU
		{5A02D12F-A227-48B4-8D2E-36D300FAF3F2}.Debug|Any CPU.Build.0 = Debug|Any CPU
		{5A02D12F-A227-48B4-8D2E-36D300FAF3F2}.Release|Any CPU.ActiveCfg = Release|Any CPU
		{5A02D12F-A227-48B4-8D2E-36D300FAF3F2}.Release|Any CPU.Build.0 = Release|Any CPU
	EndGlobalSection
	GlobalSection(SolutionProperties) = preSolution
		HideSolutionNode = FALSE
	EndGlobalSection
	GlobalSection(ExtensibilityGlobals) = postSolution
		SolutionGuid = {1DCCF01E-AF62-4866-A76F-E917F4C5C806}
	EndGlobalSection
EndGlobal
